
Microsoft Visual Studio Solution File, Format Version 12.00
# Visual Studio Version 16
VisualStudioVersion = 16.0.30309.148
MinimumVisualStudioVersion = 10.0.40219.1
Project("{9A19103F-16F7-4668-BE54-9A1E7A4F7556}") = "WebApi", "WebApi\WebApi.csproj", "{CD95F8C6-951B-4411-AF9F-7CCA6F3ACC3D}"
EndProject
Global
	GlobalSection(SolutionConfigurationPlatforms) = preSolution
		Debug|Any CPU = Debug|Any CPU
		Release|Any CPU = Release|Any CPU
	EndGlobalSection
	GlobalSection(ProjectConfigurationPlatforms) = postSolution
		{CD95F8C6-951B-4411-AF9F-7CCA6F3ACC3D}.Debug|Any CPU.ActiveCfg = Debug|Any CPU
		{CD95F8C6-951B-4411-AF9F-7CCA6F3ACC3D}.Debug|Any CPU.Build.0 = Debug|Any CPU
		{CD95F8C6-951B-4411-AF9F-7CCA6F3ACC3D}.Release|Any CPU.ActiveCfg = Release|Any CPU
		{CD95F8C6-951B-4411-AF9F-7CCA6F3ACC3D}.Release|Any CPU.Build.0 = Release|Any CPU
	EndGlobalSection
	GlobalSection(SolutionProperties) = preSolution
		HideSolutionNode = FALSE
	EndGlobalSection
	GlobalSection(ExtensibilityGlobals) = postSolution
		SolutionGuid = {546E5F71-E73A-4852-8791-32C639DCF54B}
	EndGlobalSection
EndGlobal
